[[package]]
name = "apscheduler"
version = "3.6.3"
description = "In-process task scheduler with Cron-like capabilities"
category = "main"
optional = false
python-versions = "*"

[package.dependencies]
pytz = "*"
six = ">=1.4.0"
tzlocal = ">=1.2"

[package.extras]
asyncio = ["trollius"]
doc = ["sphinx", "sphinx-rtd-theme"]
gevent = ["gevent"]
mongodb = ["pymongo (>=2.8)"]
redis = ["redis (>=3.0)"]
rethinkdb = ["rethinkdb (>=2.4.0)"]
sqlalchemy = ["sqlalchemy (>=0.8)"]
testing = ["pytest", "pytest-cov", "pytest-tornado5", "mock", "pytest-asyncio (<0.6)", "pytest-asyncio"]
tornado = ["tornado (>=4.3)"]
twisted = ["twisted"]
zookeeper = ["kazoo"]

[[package]]
name = "certifi"
version = "2020.12.5"
description = "Python package for providing Mozilla's CA Bundle."
category = "main"
optional = false
python-versions = "*"

[[package]]
name = "cffi"
version = "1.14.4"
description = "Foreign Function Interface for Python calling C code."
category = "main"
optional = false
python-versions = "*"

[package.dependencies]
pycparser = "*"

[[package]]
name = "chardet"
version = "4.0.0"
description = "Universal encoding detector for Python 2 and 3"
category = "main"
optional = false
python-versions = ">=2.7, !=3.0.*, !=3.1.*, !=3.2.*, !=3.3.*, !=3.4.*"

[[package]]
name = "cryptography"
version = "3.3.2"
description = "cryptography is a package which provides cryptographic recipes and primitives to Python developers."
category = "main"
optional = false
python-versions = ">=2.7,!=3.0.*,!=3.1.*,!=3.2.*,!=3.3.*,!=3.4.*,!=3.5.*"

[package.dependencies]
cffi = ">=1.12"
six = ">=1.4.1"

[package.extras]
docs = ["sphinx (>=1.6.5,!=1.8.0,!=3.1.0,!=3.1.1)", "sphinx-rtd-theme"]
docstest = ["doc8", "pyenchant (>=1.6.11)", "twine (>=1.12.0)", "sphinxcontrib-spelling (>=4.0.1)"]
pep8test = ["black", "flake8", "flake8-import-order", "pep8-naming"]
ssh = ["bcrypt (>=3.1.5)"]
test = ["pytest (>=3.6.0,!=3.9.0,!=3.9.1,!=3.9.2)", "pretend", "iso8601", "pytz", "hypothesis (>=1.11.4,!=3.79.2)"]

[[package]]
name = "github3.py"
version = "1.3.0"
description = "Python wrapper for the GitHub API(http://developer.github.com/v3)"
category = "main"
optional = false
python-versions = "*"

[package.dependencies]
jwcrypto = ">=0.5.0"
python-dateutil = ">=2.6.0"
requests = ">=2.18"
uritemplate = ">=3.0.0"

[package.extras]
sni = ["pyopenssl", "ndg-httpsclient", "pyasn1"]
test = ["betamax (>=0.8.0)", "pytest (>2.3.5)", "betamax-matchers (>=0.1.0)", "unittest2 (==0.5.1)", "mock"]

[[package]]
name = "humanize"
version = "3.4.1"
description = "Python humanize utilities"
category = "main"
optional = false
python-versions = ">=3.6"

[package.extras]
tests = ["freezegun", "pytest", "pytest-cov"]

[[package]]
name = "idna"
version = "2.10"
description = "Internationalized Domain Names in Applications (IDNA)"
category = "main"
optional = false
python-versions = ">=2.7, !=3.0.*, !=3.1.*, !=3.2.*, !=3.3.*"

[[package]]
name = "jwcrypto"
version = "0.8"
description = "Implementation of JOSE Web standards"
category = "main"
optional = false
python-versions = "*"

[package.dependencies]
cryptography = ">=2.3"

[[package]]
name = "protobuf"
version = "3.15.8"
description = "Protocol Buffers"
category = "main"
optional = false
python-versions = "*"

[package.dependencies]
six = ">=1.9"

[[package]]
name = "pycparser"
version = "2.20"
description = "C parser in Python"
category = "main"
optional = false
python-versions = ">=2.7, !=3.0.*, !=3.1.*, !=3.2.*, !=3.3.*"

[[package]]
name = "python-dateutil"
version = "2.8.1"
description = "Extensions to the standard Python datetime module"
category = "main"
optional = false
python-versions = "!=3.0.*,!=3.1.*,!=3.2.*,>=2.7"

[package.dependencies]
six = ">=1.5"

[[package]]
name = "python-telegram-bot"
version = "13.4.1"
description = "We have made you a wrapper you can't refuse"
category = "main"
optional = false
python-versions = ">=3.6"

[package.dependencies]
APScheduler = "3.6.3"
certifi = "*"
pytz = ">=2018.6"
tornado = ">=5.1"

[package.extras]
json = ["ujson"]
passport = ["cryptography (!=3.4,!=3.4.1,!=3.4.2,!=3.4.3)"]
socks = ["pysocks"]

[[package]]
name = "pytz"
version = "2021.1"
description = "World timezone definitions, modern and historical"
category = "main"
optional = false
python-versions = "*"

[[package]]
name = "pyyaml"
version = "5.3.1"
description = "YAML parser and emitter for Python"
category = "main"
optional = false
python-versions = ">=2.7, !=3.0.*, !=3.1.*, !=3.2.*, !=3.3.*, !=3.4.*"

[[package]]
name = "remotezip"
version = "0.9.2"
description = "Access zip file content hosted remotely without downloading the full file."
category = "main"
optional = false
python-versions = "*"

[package.dependencies]
requests = "*"
tabulate = "*"

[[package]]
name = "requests"
version = "2.25.1"
description = "Python HTTP for Humans."
category = "main"
optional = false
python-versions = ">=2.7, !=3.0.*, !=3.1.*, !=3.2.*, !=3.3.*, !=3.4.*"

[package.dependencies]
certifi = ">=2017.4.17"
chardet = ">=3.0.2,<5"
idna = ">=2.5,<3"
urllib3 = ">=1.21.1,<1.27"

[package.extras]
security = ["pyOpenSSL (>=0.14)", "cryptography (>=1.3.4)"]
socks = ["PySocks (>=1.5.6,!=1.5.7)", "win-inet-pton"]

[[package]]
name = "six"
version = "1.15.0"
description = "Python 2 and 3 compatibility utilities"
category = "main"
optional = false
python-versions = ">=2.7, !=3.0.*, !=3.1.*, !=3.2.*"

[[package]]
name = "tabulate"
version = "0.8.7"
description = "Pretty-print tabular data"
category = "main"
optional = false
python-versions = "*"

[package.extras]
widechars = ["wcwidth"]

[[package]]
name = "tornado"
version = "6.1"
description = "Tornado is a Python web framework and asynchronous networking library, originally developed at FriendFeed."
category = "main"
optional = false
python-versions = ">= 3.5"

[[package]]
name = "tzlocal"
version = "2.1"
description = "tzinfo object for the local timezone"
category = "main"
optional = false
python-versions = "*"

[package.dependencies]
pytz = "*"

[[package]]
name = "uritemplate"
version = "3.0.1"
description = "URI templates"
category = "main"
optional = false
python-versions = ">=2.7, !=3.0.*, !=3.1.*, !=3.2.*, !=3.3.*"

[[package]]
name = "urllib3"
version = "1.26.4"
description = "HTTP library with thread-safe connection pooling, file post, and more."
category = "main"
optional = false
python-versions = ">=2.7, !=3.0.*, !=3.1.*, !=3.2.*, !=3.3.*, !=3.4.*, <4"

[package.extras]
secure = ["pyOpenSSL (>=0.14)", "cryptography (>=1.3.4)", "idna (>=2.0.0)", "certifi", "ipaddress"]
socks = ["PySocks (>=1.5.6,!=1.5.7,<2.0)"]
brotli = ["brotlipy (>=0.6.0)"]

[[package]]
name = "xiaomi-flashable-firmware-creator"
version = "2.1.2"
description = "Create flashable firmware zip from MIUI Recovery ROMs!"
category = "main"
optional = false
python-versions = ">=3.6,<4.0"

[package.dependencies]
protobuf = ">=3.15.0,<4.0.0"
remotezip = ">=0.9.2,<0.10.0"

[metadata]
lock-version = "1.1"
python-versions = "^3.6"
content-hash = "ef41d38bed73bbdbd73e5275a76d2a74f670d5c29410e597feffddb4d58a6150"

[metadata.files]
apscheduler = [
    {file = "APScheduler-3.6.3-py2.py3-none-any.whl", hash = "sha256:e8b1ecdb4c7cb2818913f766d5898183c7cb8936680710a4d3a966e02262e526"},
    {file = "APScheduler-3.6.3.tar.gz", hash = "sha256:3bb5229eed6fbbdafc13ce962712ae66e175aa214c69bed35a06bffcf0c5e244"},
]
certifi = [
    {file = "certifi-2020.12.5-py2.py3-none-any.whl", hash = "sha256:719a74fb9e33b9bd44cc7f3a8d94bc35e4049deebe19ba7d8e108280cfd59830"},
    {file = "certifi-2020.12.5.tar.gz", hash = "sha256:1a4995114262bffbc2413b159f2a1a480c969de6e6eb13ee966d470af86af59c"},
]
cffi = [
    {file = "cffi-1.14.4-cp27-cp27m-macosx_10_9_x86_64.whl", hash = "sha256:ebb253464a5d0482b191274f1c8bf00e33f7e0b9c66405fbffc61ed2c839c775"},
    {file = "cffi-1.14.4-cp27-cp27m-manylinux1_i686.whl", hash = "sha256:2c24d61263f511551f740d1a065eb0212db1dbbbbd241db758f5244281590c06"},
    {file = "cffi-1.14.4-cp27-cp27m-manylinux1_x86_64.whl", hash = "sha256:9f7a31251289b2ab6d4012f6e83e58bc3b96bd151f5b5262467f4bb6b34a7c26"},
    {file = "cffi-1.14.4-cp27-cp27m-win32.whl", hash = "sha256:5cf4be6c304ad0b6602f5c4e90e2f59b47653ac1ed9c662ed379fe48a8f26b0c"},
    {file = "cffi-1.14.4-cp27-cp27m-win_amd64.whl", hash = "sha256:f60567825f791c6f8a592f3c6e3bd93dd2934e3f9dac189308426bd76b00ef3b"},
    {file = "cffi-1.14.4-cp27-cp27mu-manylinux1_i686.whl", hash = "sha256:c6332685306b6417a91b1ff9fae889b3ba65c2292d64bd9245c093b1b284809d"},
    {file = "cffi-1.14.4-cp27-cp27mu-manylinux1_x86_64.whl", hash = "sha256:d9efd8b7a3ef378dd61a1e77367f1924375befc2eba06168b6ebfa903a5e59ca"},
    {file = "cffi-1.14.4-cp35-cp35m-macosx_10_9_x86_64.whl", hash = "sha256:51a8b381b16ddd370178a65360ebe15fbc1c71cf6f584613a7ea08bfad946698"},
    {file = "cffi-1.14.4-cp35-cp35m-manylinux1_i686.whl", hash = "sha256:1d2c4994f515e5b485fd6d3a73d05526aa0fcf248eb135996b088d25dfa1865b"},
    {file = "cffi-1.14.4-cp35-cp35m-manylinux1_x86_64.whl", hash = "sha256:af5c59122a011049aad5dd87424b8e65a80e4a6477419c0c1015f73fb5ea0293"},
    {file = "cffi-1.14.4-cp35-cp35m-win32.whl", hash = "sha256:594234691ac0e9b770aee9fcdb8fa02c22e43e5c619456efd0d6c2bf276f3eb2"},
    {file = "cffi-1.14.4-cp35-cp35m-win_amd64.whl", hash = "sha256:64081b3f8f6f3c3de6191ec89d7dc6c86a8a43911f7ecb422c60e90c70be41c7"},
    {file = "cffi-1.14.4-cp36-cp36m-macosx_10_9_x86_64.whl", hash = "sha256:f803eaa94c2fcda012c047e62bc7a51b0bdabda1cad7a92a522694ea2d76e49f"},
    {file = "cffi-1.14.4-cp36-cp36m-manylinux1_i686.whl", hash = "sha256:105abaf8a6075dc96c1fe5ae7aae073f4696f2905fde6aeada4c9d2926752362"},
    {file = "cffi-1.14.4-cp36-cp36m-manylinux1_x86_64.whl", hash = "sha256:0638c3ae1a0edfb77c6765d487fee624d2b1ee1bdfeffc1f0b58c64d149e7eec"},
    {file = "cffi-1.14.4-cp36-cp36m-manylinux2014_aarch64.whl", hash = "sha256:7c6b1dece89874d9541fc974917b631406233ea0440d0bdfbb8e03bf39a49b3b"},
    {file = "cffi-1.14.4-cp36-cp36m-win32.whl", hash = "sha256:155136b51fd733fa94e1c2ea5211dcd4c8879869008fc811648f16541bf99668"},
    {file = "cffi-1.14.4-cp36-cp36m-win_amd64.whl", hash = "sha256:6bc25fc545a6b3d57b5f8618e59fc13d3a3a68431e8ca5fd4c13241cd70d0009"},
    {file = "cffi-1.14.4-cp37-cp37m-macosx_10_9_x86_64.whl", hash = "sha256:a7711edca4dcef1a75257b50a2fbfe92a65187c47dab5a0f1b9b332c5919a3fb"},
    {file = "cffi-1.14.4-cp37-cp37m-manylinux1_i686.whl", hash = "sha256:00e28066507bfc3fe865a31f325c8391a1ac2916219340f87dfad602c3e48e5d"},
    {file = "cffi-1.14.4-cp37-cp37m-manylinux1_x86_64.whl", hash = "sha256:798caa2a2384b1cbe8a2a139d80734c9db54f9cc155c99d7cc92441a23871c03"},
    {file = "cffi-1.14.4-cp37-cp37m-manylinux2014_aarch64.whl", hash = "sha256:a5ed8c05548b54b998b9498753fb9cadbfd92ee88e884641377d8a8b291bcc01"},
    {file = "cffi-1.14.4-cp37-cp37m-win32.whl", hash = "sha256:00a1ba5e2e95684448de9b89888ccd02c98d512064b4cb987d48f4b40aa0421e"},
    {file = "cffi-1.14.4-cp37-cp37m-win_amd64.whl", hash = "sha256:9cc46bc107224ff5b6d04369e7c595acb700c3613ad7bcf2e2012f62ece80c35"},
    {file = "cffi-1.14.4-cp38-cp38-macosx_10_9_x86_64.whl", hash = "sha256:df5169c4396adc04f9b0a05f13c074df878b6052430e03f50e68adf3a57aa28d"},
    {file = "cffi-1.14.4-cp38-cp38-manylinux1_i686.whl", hash = "sha256:9ffb888f19d54a4d4dfd4b3f29bc2c16aa4972f1c2ab9c4ab09b8ab8685b9c2b"},
    {file = "cffi-1.14.4-cp38-cp38-manylinux1_x86_64.whl", hash = "sha256:8d6603078baf4e11edc4168a514c5ce5b3ba6e3e9c374298cb88437957960a53"},
    {file = "cffi-1.14.4-cp38-cp38-manylinux2014_aarch64.whl", hash = "sha256:d5ff0621c88ce83a28a10d2ce719b2ee85635e85c515f12bac99a95306da4b2e"},
    {file = "cffi-1.14.4-cp38-cp38-win32.whl", hash = "sha256:b4e248d1087abf9f4c10f3c398896c87ce82a9856494a7155823eb45a892395d"},
    {file = "cffi-1.14.4-cp38-cp38-win_amd64.whl", hash = "sha256:ec80dc47f54e6e9a78181ce05feb71a0353854cc26999db963695f950b5fb375"},
    {file = "cffi-1.14.4-cp39-cp39-macosx_10_9_x86_64.whl", hash = "sha256:840793c68105fe031f34d6a086eaea153a0cd5c491cde82a74b420edd0a2b909"},
    {file = "cffi-1.14.4-cp39-cp39-manylinux1_i686.whl", hash = "sha256:b18e0a9ef57d2b41f5c68beefa32317d286c3d6ac0484efd10d6e07491bb95dd"},
    {file = "cffi-1.14.4-cp39-cp39-manylinux1_x86_64.whl", hash = "sha256:045d792900a75e8b1e1b0ab6787dd733a8190ffcf80e8c8ceb2fb10a29ff238a"},
    {file = "cffi-1.14.4-cp39-cp39-manylinux2014_aarch64.whl", hash = "sha256:7ef7d4ced6b325e92eb4d3502946c78c5367bc416398d387b39591532536734e"},
    {file = "cffi-1.14.4-cp39-cp39-win32.whl", hash = "sha256:ba4e9e0ae13fc41c6b23299545e5ef73055213e466bd107953e4a013a5ddd7e3"},
    {file = "cffi-1.14.4-cp39-cp39-win_amd64.whl", hash = "sha256:f032b34669220030f905152045dfa27741ce1a6db3324a5bc0b96b6c7420c87b"},
    {file = "cffi-1.14.4.tar.gz", hash = "sha256:1a465cbe98a7fd391d47dce4b8f7e5b921e6cd805ef421d04f5f66ba8f06086c"},
]
chardet = [
    {file = "chardet-4.0.0-py2.py3-none-any.whl", hash = "sha256:f864054d66fd9118f2e67044ac8981a54775ec5b67aed0441892edb553d21da5"},
    {file = "chardet-4.0.0.tar.gz", hash = "sha256:0d6f53a15db4120f2b08c94f11e7d93d2c911ee118b6b30a04ec3ee8310179fa"},
]
cryptography = [
    {file = "cryptography-3.3.2-cp27-cp27m-macosx_10_10_x86_64.whl", hash = "sha256:541dd758ad49b45920dda3b5b48c968f8b2533d8981bcdb43002798d8f7a89ed"},
    {file = "cryptography-3.3.2-cp27-cp27m-manylinux1_x86_64.whl", hash = "sha256:49570438e60f19243e7e0d504527dd5fe9b4b967b5a1ff21cc12b57602dd85d3"},
    {file = "cryptography-3.3.2-cp27-cp27m-manylinux2010_x86_64.whl", hash = "sha256:a9a4ac9648d39ce71c2f63fe7dc6db144b9fa567ddfc48b9fde1b54483d26042"},
    {file = "cryptography-3.3.2-cp27-cp27m-win32.whl", hash = "sha256:aa4969f24d536ae2268c902b2c3d62ab464b5a66bcb247630d208a79a8098e9b"},
    {file = "cryptography-3.3.2-cp27-cp27m-win_amd64.whl", hash = "sha256:1bd0ccb0a1ed775cd7e2144fe46df9dc03eefd722bbcf587b3e0616ea4a81eff"},
    {file = "cryptography-3.3.2-cp27-cp27mu-manylinux1_x86_64.whl", hash = "sha256:e18e6ab84dfb0ab997faf8cca25a86ff15dfea4027b986322026cc99e0a892da"},
    {file = "cryptography-3.3.2-cp27-cp27mu-manylinux2010_x86_64.whl", hash = "sha256:c7390f9b2119b2b43160abb34f63277a638504ef8df99f11cb52c1fda66a2e6f"},
    {file = "cryptography-3.3.2-cp36-abi3-macosx_10_10_x86_64.whl", hash = "sha256:0d7b69674b738068fa6ffade5c962ecd14969690585aaca0a1b1fc9058938a72"},
    {file = "cryptography-3.3.2-cp36-abi3-manylinux1_x86_64.whl", hash = "sha256:922f9602d67c15ade470c11d616f2b2364950602e370c76f0c94c94ae672742e"},
    {file = "cryptography-3.3.2-cp36-abi3-manylinux2010_x86_64.whl", hash = "sha256:a0f0b96c572fc9f25c3f4ddbf4688b9b38c69836713fb255f4a2715d93cbaf44"},
    {file = "cryptography-3.3.2-cp36-abi3-manylinux2014_aarch64.whl", hash = "sha256:a777c096a49d80f9d2979695b835b0f9c9edab73b59e4ceb51f19724dda887ed"},
    {file = "cryptography-3.3.2-cp36-abi3-win32.whl", hash = "sha256:3c284fc1e504e88e51c428db9c9274f2da9f73fdf5d7e13a36b8ecb039af6e6c"},
    {file = "cryptography-3.3.2-cp36-abi3-win_amd64.whl", hash = "sha256:7951a966613c4211b6612b0352f5bf29989955ee592c4a885d8c7d0f830d0433"},
    {file = "cryptography-3.3.2.tar.gz", hash = "sha256:5a60d3780149e13b7a6ff7ad6526b38846354d11a15e21068e57073e29e19bed"},
]
"github3.py" = [
    {file = "github3.py-1.3.0-py2.py3-none-any.whl", hash = "sha256:50833b5da35546b8cced0e8d7ff4c50a9afc2c8e46cc4d07dc4b66d26467c708"},
    {file = "github3.py-1.3.0.tar.gz", hash = "sha256:15a115c18f7bfcf934dfef7ab103844eb9f620c586bad65967708926da47cbda"},
]
humanize = [
    {file = "humanize-3.4.1-py3-none-any.whl", hash = "sha256:c2ccaea7f8cbcd883ec420279d6e71ad20371bb36dbf5100b178d9756563289e"},
    {file = "humanize-3.4.1.tar.gz", hash = "sha256:6e04cdd75d66074c34ff93c30a2ad6d19d91202a65c1bd400b2edeedae399bda"},
]
idna = [
    {file = "idna-2.10-py2.py3-none-any.whl", hash = "sha256:b97d804b1e9b523befed77c48dacec60e6dcb0b5391d57af6a65a312a90648c0"},
    {file = "idna-2.10.tar.gz", hash = "sha256:b307872f855b18632ce0c21c5e45be78c0ea7ae4c15c828c20788b26921eb3f6"},
]
jwcrypto = [
    {file = "jwcrypto-0.8-py2.py3-none-any.whl", hash = "sha256:16e17faa4dce36551ade3a3ccb06236a61e5924ea1db163c9be9827acf935a82"},
    {file = "jwcrypto-0.8.tar.gz", hash = "sha256:b7fee2635bbefdf145399392f5be26ad54161c8271c66b5fe107b4b452f06c24"},
]
protobuf = [
    {file = "protobuf-3.15.8-cp27-cp27m-macosx_10_9_x86_64.whl", hash = "sha256:fad4f971ec38d8df7f4b632c819bf9bbf4f57cfd7312cf526c69ce17ef32436a"},
    {file = "protobuf-3.15.8-cp27-cp27mu-manylinux1_x86_64.whl", hash = "sha256:f17b352d7ce33c81773cf81d536ca70849de6f73c96413f17309f4b43ae7040b"},
    {file = "protobuf-3.15.8-cp35-cp35m-macosx_10_9_intel.whl", hash = "sha256:4a054b0b5900b7ea7014099e783fb8c4618e4209fffcd6050857517b3f156e18"},
    {file = "protobuf-3.15.8-cp35-cp35m-manylinux1_x86_64.whl", hash = "sha256:efa4c4d4fc9ba734e5e85eaced70e1b63fb3c8d08482d839eb838566346f1737"},
    {file = "protobuf-3.15.8-cp35-cp35m-win32.whl", hash = "sha256:07eec4e2ccbc74e95bb9b3afe7da67957947ee95bdac2b2e91b038b832dd71f0"},
    {file = "protobuf-3.15.8-cp35-cp35m-win_amd64.whl", hash = "sha256:f9cadaaa4065d5dd4d15245c3b68b967b3652a3108e77f292b58b8c35114b56c"},
    {file = "protobuf-3.15.8-cp36-cp36m-macosx_10_9_x86_64.whl", hash = "sha256:2dc0e8a9e4962207bdc46a365b63a3f1aca6f9681a5082a326c5837ef8f4b745"},
    {file = "protobuf-3.15.8-cp36-cp36m-manylinux1_x86_64.whl", hash = "sha256:f80afc0a0ba13339bbab25ca0409e9e2836b12bb012364c06e97c2df250c3343"},
    {file = "protobuf-3.15.8-cp36-cp36m-win32.whl", hash = "sha256:c5566f956a26cda3abdfacc0ca2e21db6c9f3d18f47d8d4751f2209d6c1a5297"},
    {file = "protobuf-3.15.8-cp36-cp36m-win_amd64.whl", hash = "sha256:dab75b56a12b1ceb3e40808b5bd9dfdaef3a1330251956e6744e5b6ed8f8830b"},
    {file = "protobuf-3.15.8-cp37-cp37m-macosx_10_9_x86_64.whl", hash = "sha256:3053f13207e7f13dc7be5e9071b59b02020172f09f648e85dc77e3fcb50d1044"},
    {file = "protobuf-3.15.8-cp37-cp37m-manylinux1_x86_64.whl", hash = "sha256:1f0b5d156c3df08cc54bc2c8b8b875648ea4cd7ebb2a9a130669f7547ec3488c"},
    {file = "protobuf-3.15.8-cp37-cp37m-win32.whl", hash = "sha256:90270fe5732c1f1ff664a3bd7123a16456d69b4e66a09a139a00443a32f210b8"},
    {file = "protobuf-3.15.8-cp37-cp37m-win_amd64.whl", hash = "sha256:f42c2f5fb67da5905bfc03733a311f72fa309252bcd77c32d1462a1ad519521e"},
    {file = "protobuf-3.15.8-cp38-cp38-macosx_10_9_x86_64.whl", hash = "sha256:f6077db37bfa16494dca58a4a02bfdacd87662247ad6bc1f7f8d13ff3f0013e1"},
    {file = "protobuf-3.15.8-cp38-cp38-manylinux1_x86_64.whl", hash = "sha256:510e66491f1a5ac5953c908aa8300ec47f793130097e4557482803b187a8ee05"},
    {file = "protobuf-3.15.8-cp39-cp39-macosx_10_9_x86_64.whl", hash = "sha256:5ff9fa0e67fcab442af9bc8d4ec3f82cb2ff3be0af62dba047ed4187f0088b7d"},
    {file = "protobuf-3.15.8-cp39-cp39-manylinux1_x86_64.whl", hash = "sha256:1c0e9e56202b9dccbc094353285a252e2b7940b74fdf75f1b4e1b137833fabd7"},
    {file = "protobuf-3.15.8-py2.py3-none-any.whl", hash = "sha256:a0a08c6b2e6d6c74a6eb5bf6184968eefb1569279e78714e239d33126e753403"},
    {file = "protobuf-3.15.8.tar.gz", hash = "sha256:0277f62b1e42210cafe79a71628c1d553348da81cbd553402a7f7549c50b11d0"},
]
pycparser = [
    {file = "pycparser-2.20-py2.py3-none-any.whl", hash = "sha256:7582ad22678f0fcd81102833f60ef8d0e57288b6b5fb00323d101be910e35705"},
    {file = "pycparser-2.20.tar.gz", hash = "sha256:2d475327684562c3a96cc71adf7dc8c4f0565175cf86b6d7a404ff4c771f15f0"},
]
python-dateutil = [
    {file = "python-dateutil-2.8.1.tar.gz", hash = "sha256:73ebfe9dbf22e832286dafa60473e4cd239f8592f699aa5adaf10050e6e1823c"},
    {file = "python_dateutil-2.8.1-py2.py3-none-any.whl", hash = "sha256:75bb3f31ea686f1197762692a9ee6a7550b59fc6ca3a1f4b5d7e32fb98e2da2a"},
]
python-telegram-bot = [
    {file = "python-telegram-bot-13.4.1.tar.gz", hash = "sha256:4c1fdc3dab192bf1f754ccd0692511976b38e2c6ad75010e30844a19c0193c90"},
    {file = "python_telegram_bot-13.4.1-py3-none-any.whl", hash = "sha256:467b0f149bf4d0b9b638530c9a887dd0d6e64da1d5603cfe6eee839671ca1496"},
]
pytz = [
    {file = "pytz-2021.1-py2.py3-none-any.whl", hash = "sha256:eb10ce3e7736052ed3623d49975ce333bcd712c7bb19a58b9e2089d4057d0798"},
    {file = "pytz-2021.1.tar.gz", hash = "sha256:83a4a90894bf38e243cf052c8b58f381bfe9a7a483f6a9cab140bc7f702ac4da"},
]
pyyaml = [
    {file = "PyYAML-5.3.1-cp27-cp27m-win32.whl", hash = "sha256:74809a57b329d6cc0fdccee6318f44b9b8649961fa73144a98735b0aaf029f1f"},
    {file = "PyYAML-5.3.1-cp27-cp27m-win_amd64.whl", hash = "sha256:240097ff019d7c70a4922b6869d8a86407758333f02203e0fc6ff79c5dcede76"},
    {file = "PyYAML-5.3.1-cp35-cp35m-win32.whl", hash = "sha256:4f4b913ca1a7319b33cfb1369e91e50354d6f07a135f3b901aca02aa95940bd2"},
    {file = "PyYAML-5.3.1-cp35-cp35m-win_amd64.whl", hash = "sha256:cc8955cfbfc7a115fa81d85284ee61147059a753344bc51098f3ccd69b0d7e0c"},
    {file = "PyYAML-5.3.1-cp36-cp36m-win32.whl", hash = "sha256:7739fc0fa8205b3ee8808aea45e968bc90082c10aef6ea95e855e10abf4a37b2"},
    {file = "PyYAML-5.3.1-cp36-cp36m-win_amd64.whl", hash = "sha256:69f00dca373f240f842b2931fb2c7e14ddbacd1397d57157a9b005a6a9942648"},
    {file = "PyYAML-5.3.1-cp37-cp37m-win32.whl", hash = "sha256:d13155f591e6fcc1ec3b30685d50bf0711574e2c0dfffd7644babf8b5102ca1a"},
    {file = "PyYAML-5.3.1-cp37-cp37m-win_amd64.whl", hash = "sha256:73f099454b799e05e5ab51423c7bcf361c58d3206fa7b0d555426b1f4d9a3eaf"},
    {file = "PyYAML-5.3.1-cp38-cp38-win32.whl", hash = "sha256:06a0d7ba600ce0b2d2fe2e78453a470b5a6e000a985dd4a4e54e436cc36b0e97"},
    {file = "PyYAML-5.3.1-cp38-cp38-win_amd64.whl", hash = "sha256:95f71d2af0ff4227885f7a6605c37fd53d3a106fcab511b8860ecca9fcf400ee"},
    {file = "PyYAML-5.3.1-cp39-cp39-win32.whl", hash = "sha256:ad9c67312c84def58f3c04504727ca879cb0013b2517c85a9a253f0cb6380c0a"},
    {file = "PyYAML-5.3.1-cp39-cp39-win_amd64.whl", hash = "sha256:6034f55dab5fea9e53f436aa68fa3ace2634918e8b5994d82f3621c04ff5ed2e"},
    {file = "PyYAML-5.3.1.tar.gz", hash = "sha256:b8eac752c5e14d3eca0e6dd9199cd627518cb5ec06add0de9d32baeee6fe645d"},
]
remotezip = [
    {file = "remotezip-0.9.2-py2.py3-none-any.whl", hash = "sha256:d2aa5eb7ad40e3a60c20c226141859278be19ba07023f49c42abd0e88dc06347"},
    {file = "remotezip-0.9.2.tar.gz", hash = "sha256:fd5a310436ecc6e1593fedbf8b0509e9f6fa013c8455a9645fcab46b5d511e91"},
]
requests = [
    {file = "requests-2.25.1-py2.py3-none-any.whl", hash = "sha256:c210084e36a42ae6b9219e00e48287def368a26d03a048ddad7bfee44f75871e"},
    {file = "requests-2.25.1.tar.gz", hash = "sha256:27973dd4a904a4f13b263a19c866c13b92a39ed1c964655f025f3f8d3d75b804"},
]
six = [
    {file = "six-1.15.0-py2.py3-none-any.whl", hash = "sha256:8b74bedcbbbaca38ff6d7491d76f2b06b3592611af620f8426e82dddb04a5ced"},
    {file = "six-1.15.0.tar.gz", hash = "sha256:30639c035cdb23534cd4aa2dd52c3bf48f06e5f4a941509c8bafd8ce11080259"},
]
tabulate = [
    {file = "tabulate-0.8.7-py3-none-any.whl", hash = "sha256:ac64cb76d53b1231d364babcd72abbb16855adac7de6665122f97b593f1eb2ba"},
    {file = "tabulate-0.8.7.tar.gz", hash = "sha256:db2723a20d04bcda8522165c73eea7c300eda74e0ce852d9022e0159d7895007"},
]
tornado = [
    {file = "tornado-6.1-cp35-cp35m-macosx_10_9_x86_64.whl", hash = "sha256:d371e811d6b156d82aa5f9a4e08b58debf97c302a35714f6f45e35139c332e32"},
    {file = "tornado-6.1-cp35-cp35m-manylinux1_i686.whl", hash = "sha256:0d321a39c36e5f2c4ff12b4ed58d41390460f798422c4504e09eb5678e09998c"},
    {file = "tornado-6.1-cp35-cp35m-manylinux1_x86_64.whl", hash = "sha256:9de9e5188a782be6b1ce866e8a51bc76a0fbaa0e16613823fc38e4fc2556ad05"},
    {file = "tornado-6.1-cp35-cp35m-manylinux2010_i686.whl", hash = "sha256:61b32d06ae8a036a6607805e6720ef00a3c98207038444ba7fd3d169cd998910"},
    {file = "tornado-6.1-cp35-cp35m-manylinux2010_x86_64.whl", hash = "sha256:3e63498f680547ed24d2c71e6497f24bca791aca2fe116dbc2bd0ac7f191691b"},
    {file = "tornado-6.1-cp35-cp35m-manylinux2014_aarch64.whl", hash = "sha256:6c77c9937962577a6a76917845d06af6ab9197702a42e1346d8ae2e76b5e3675"},
    {file = "tornado-6.1-cp35-cp35m-win32.whl", hash = "sha256:6286efab1ed6e74b7028327365cf7346b1d777d63ab30e21a0f4d5b275fc17d5"},
    {file = "tornado-6.1-cp35-cp35m-win_amd64.whl", hash = "sha256:fa2ba70284fa42c2a5ecb35e322e68823288a4251f9ba9cc77be04ae15eada68"},
    {file = "tornado-6.1-cp36-cp36m-macosx_10_9_x86_64.whl", hash = "sha256:0a00ff4561e2929a2c37ce706cb8233b7907e0cdc22eab98888aca5dd3775feb"},
    {file = "tornado-6.1-cp36-cp36m-manylinux1_i686.whl", hash = "sha256:748290bf9112b581c525e6e6d3820621ff020ed95af6f17fedef416b27ed564c"},
    {file = "tornado-6.1-cp36-cp36m-manylinux1_x86_64.whl", hash = "sha256:e385b637ac3acaae8022e7e47dfa7b83d3620e432e3ecb9a3f7f58f150e50921"},
    {file = "tornado-6.1-cp36-cp36m-manylinux2010_i686.whl", hash = "sha256:25ad220258349a12ae87ede08a7b04aca51237721f63b1808d39bdb4b2164558"},
    {file = "tornado-6.1-cp36-cp36m-manylinux2010_x86_64.whl", hash = "sha256:65d98939f1a2e74b58839f8c4dab3b6b3c1ce84972ae712be02845e65391ac7c"},
    {file = "tornado-6.1-cp36-cp36m-manylinux2014_aarch64.whl", hash = "sha256:e519d64089b0876c7b467274468709dadf11e41d65f63bba207e04217f47c085"},
    {file = "tornado-6.1-cp36-cp36m-win32.whl", hash = "sha256:b87936fd2c317b6ee08a5741ea06b9d11a6074ef4cc42e031bc6403f82a32575"},
    {file = "tornado-6.1-cp36-cp36m-win_amd64.whl", hash = "sha256:cc0ee35043162abbf717b7df924597ade8e5395e7b66d18270116f8745ceb795"},
    {file = "tornado-6.1-cp37-cp37m-macosx_10_9_x86_64.whl", hash = "sha256:7250a3fa399f08ec9cb3f7b1b987955d17e044f1ade821b32e5f435130250d7f"},
    {file = "tornado-6.1-cp37-cp37m-manylinux1_i686.whl", hash = "sha256:ed3ad863b1b40cd1d4bd21e7498329ccaece75db5a5bf58cd3c9f130843e7102"},
    {file = "tornado-6.1-cp37-cp37m-manylinux1_x86_64.whl", hash = "sha256:dcef026f608f678c118779cd6591c8af6e9b4155c44e0d1bc0c87c036fb8c8c4"},
    {file = "tornado-6.1-cp37-cp37m-manylinux2010_i686.whl", hash = "sha256:70dec29e8ac485dbf57481baee40781c63e381bebea080991893cd297742b8fd"},
    {file = "tornado-6.1-cp37-cp37m-manylinux2010_x86_64.whl", hash = "sha256:d3f7594930c423fd9f5d1a76bee85a2c36fd8b4b16921cae7e965f22575e9c01"},
    {file = "tornado-6.1-cp37-cp37m-manylinux2014_aarch64.whl", hash = "sha256:3447475585bae2e77ecb832fc0300c3695516a47d46cefa0528181a34c5b9d3d"},
    {file = "tornado-6.1-cp37-cp37m-win32.whl", hash = "sha256:e7229e60ac41a1202444497ddde70a48d33909e484f96eb0da9baf8dc68541df"},
    {file = "tornado-6.1-cp37-cp37m-win_amd64.whl", hash = "sha256:cb5ec8eead331e3bb4ce8066cf06d2dfef1bfb1b2a73082dfe8a161301b76e37"},
    {file = "tornado-6.1-cp38-cp38-macosx_10_9_x86_64.whl", hash = "sha256:20241b3cb4f425e971cb0a8e4ffc9b0a861530ae3c52f2b0434e6c1b57e9fd95"},
    {file = "tornado-6.1-cp38-cp38-manylinux1_i686.whl", hash = "sha256:c77da1263aa361938476f04c4b6c8916001b90b2c2fdd92d8d535e1af48fba5a"},
    {file = "tornado-6.1-cp38-cp38-manylinux1_x86_64.whl", hash = "sha256:fba85b6cd9c39be262fcd23865652920832b61583de2a2ca907dbd8e8a8c81e5"},
    {file = "tornado-6.1-cp38-cp38-manylinux2010_i686.whl", hash = "sha256:1e8225a1070cd8eec59a996c43229fe8f95689cb16e552d130b9793cb570a288"},
    {file = "tornado-6.1-cp38-cp38-manylinux2010_x86_64.whl", hash = "sha256:d14d30e7f46a0476efb0deb5b61343b1526f73ebb5ed84f23dc794bdb88f9d9f"},
    {file = "tornado-6.1-cp38-cp38-manylinux2014_aarch64.whl", hash = "sha256:8f959b26f2634a091bb42241c3ed8d3cedb506e7c27b8dd5c7b9f745318ddbb6"},
    {file = "tornado-6.1-cp38-cp38-win32.whl", hash = "sha256:34ca2dac9e4d7afb0bed4677512e36a52f09caa6fded70b4e3e1c89dbd92c326"},
    {file = "tornado-6.1-cp38-cp38-win_amd64.whl", hash = "sha256:6196a5c39286cc37c024cd78834fb9345e464525d8991c21e908cc046d1cc02c"},
    {file = "tornado-6.1-cp39-cp39-macosx_10_9_x86_64.whl", hash = "sha256:f0ba29bafd8e7e22920567ce0d232c26d4d47c8b5cf4ed7b562b5db39fa199c5"},
    {file = "tornado-6.1-cp39-cp39-manylinux1_i686.whl", hash = "sha256:33892118b165401f291070100d6d09359ca74addda679b60390b09f8ef325ffe"},
    {file = "tornado-6.1-cp39-cp39-manylinux1_x86_64.whl", hash = "sha256:7da13da6f985aab7f6f28debab00c67ff9cbacd588e8477034c0652ac141feea"},
    {file = "tornado-6.1-cp39-cp39-manylinux2010_i686.whl", hash = "sha256:e0791ac58d91ac58f694d8d2957884df8e4e2f6687cdf367ef7eb7497f79eaa2"},
    {file = "tornado-6.1-cp39-cp39-manylinux2010_x86_64.whl", hash = "sha256:66324e4e1beede9ac79e60f88de548da58b1f8ab4b2f1354d8375774f997e6c0"},
    {file = "tornado-6.1-cp39-cp39-manylinux2014_aarch64.whl", hash = "sha256:a48900ecea1cbb71b8c71c620dee15b62f85f7c14189bdeee54966fbd9a0c5bd"},
    {file = "tornado-6.1-cp39-cp39-win32.whl", hash = "sha256:d3d20ea5782ba63ed13bc2b8c291a053c8d807a8fa927d941bd718468f7b950c"},
    {file = "tornado-6.1-cp39-cp39-win_amd64.whl", hash = "sha256:548430be2740e327b3fe0201abe471f314741efcb0067ec4f2d7dcfb4825f3e4"},
    {file = "tornado-6.1.tar.gz", hash = "sha256:33c6e81d7bd55b468d2e793517c909b139960b6c790a60b7991b9b6b76fb9791"},
]
tzlocal = [
    {file = "tzlocal-2.1-py2.py3-none-any.whl", hash = "sha256:e2cb6c6b5b604af38597403e9852872d7f534962ae2954c7f35efcb1ccacf4a4"},
    {file = "tzlocal-2.1.tar.gz", hash = "sha256:643c97c5294aedc737780a49d9df30889321cbe1204eac2c2ec6134035a92e44"},
]
uritemplate = [
    {file = "uritemplate-3.0.1-py2.py3-none-any.whl", hash = "sha256:07620c3f3f8eed1f12600845892b0e036a2420acf513c53f7de0abd911a5894f"},
    {file = "uritemplate-3.0.1.tar.gz", hash = "sha256:5af8ad10cec94f215e3f48112de2022e1d5a37ed427fbd88652fa908f2ab7cae"},
]
urllib3 = [
    {file = "urllib3-1.26.4-py2.py3-none-any.whl", hash = "sha256:2f4da4594db7e1e110a944bb1b551fdf4e6c136ad42e4234131391e21eb5b0df"},
    {file = "urllib3-1.26.4.tar.gz", hash = "sha256:e7b021f7241115872f92f43c6508082facffbd1c048e3c6e2bb9c2a157e28937"},
]
xiaomi-flashable-firmware-creator = [
    {file = "xiaomi_flashable_firmware_creator-2.1.2-py3-none-any.whl", hash = "sha256:8acc4dd088038e504a1b8024329caaf6317db323c76c84a00cdcf17b304c9429"},
    {file = "xiaomi_flashable_firmware_creator-2.1.2.tar.gz", hash = "sha256:9b52b8b7c9339147f4f5ab77863e6e627730e4915b8d9dde6c678814c4c61b62"},
]
